// !$*UTF8*$!
{
	archiveVersion = 1;
	classes = {
	};
	objectVersion = 56;
	objects = {

/* Begin PBXBuildFile section */
		F4C443EF2B0AFFFC00ACB8E7 /* CoinOrderBookApp.swift in Sources */ = {isa = PBXBuildFile; fileRef = F4C443EE2B0AFFFC00ACB8E7 /* CoinOrderBookApp.swift */; };
		F4C443F12B0AFFFC00ACB8E7 /* ContentView.swift in Sources */ = {isa = PBXBuildFile; fileRef = F4C443F02B0AFFFC00ACB8E7 /* ContentView.swift */; };
		F4C443F32B0AFFFE00ACB8E7 /* Assets.xcassets in Resources */ = {isa = PBXBuildFile; fileRef = F4C443F22B0AFFFE00ACB8E7 /* Assets.xcassets */; };
		F4C443F62B0AFFFE00ACB8E7 /* Preview Assets.xcassets in Resources */ = {isa = PBXBuildFile; fileRef = F4C443F52B0AFFFE00ACB8E7 /* Preview Assets.xcassets */; };
		F4C444072B0C43BB00ACB8E7 /* Banner.swift in Sources */ = {isa = PBXBuildFile; fileRef = F4C444052B0C43BB00ACB8E7 /* Banner.swift */; };
		F4C444082B0C43BB00ACB8E7 /* Money.swift in Sources */ = {isa = PBXBuildFile; fileRef = F4C444062B0C43BB00ACB8E7 /* Money.swift */; };
		F4C4440A2B0C4A1B00ACB8E7 /* OverlayView.swift in Sources */ = {isa = PBXBuildFile; fileRef = F4C444092B0C4A1B00ACB8E7 /* OverlayView.swift */; };
		F4C4440D2B0C4E6900ACB8E7 /* UpbitAPI.swift in Sources */ = {isa = PBXBuildFile; fileRef = F4C4440C2B0C4E6900ACB8E7 /* UpbitAPI.swift */; };
		F4C4440F2B0C596300ACB8E7 /* ContentViewModel.swift in Sources */ = {isa = PBXBuildFile; fileRef = F4C4440E2B0C596300ACB8E7 /* ContentViewModel.swift */; };
		F4C444112B0C733600ACB8E7 /* ListView.swift in Sources */ = {isa = PBXBuildFile; fileRef = F4C444102B0C733600ACB8E7 /* ListView.swift */; };
		F4C444132B0C735300ACB8E7 /* ListViewModel.swift in Sources */ = {isa = PBXBuildFile; fileRef = F4C444122B0C735300ACB8E7 /* ListViewModel.swift */; };
		F4C444152B0C809A00ACB8E7 /* BannerTestView.swift in Sources */ = {isa = PBXBuildFile; fileRef = F4C444142B0C809A00ACB8E7 /* BannerTestView.swift */; };
		F4C444182B0D85E000ACB8E7 /* WalletView.swift in Sources */ = {isa = PBXBuildFile; fileRef = F4C444172B0D85E000ACB8E7 /* WalletView.swift */; };
		F4C4441A2B0D991F00ACB8E7 /* WalletDetailView.swift in Sources */ = {isa = PBXBuildFile; fileRef = F4C444192B0D991F00ACB8E7 /* WalletDetailView.swift */; };
		F4C4441C2B0DA52C00ACB8E7 /* WalletModel.swift in Sources */ = {isa = PBXBuildFile; fileRef = F4C4441B2B0DA52C00ACB8E7 /* WalletModel.swift */; };
/* End PBXBuildFile section */

/* Begin PBXFileReference section */
		F4C443EB2B0AFFFC00ACB8E7 /* CoinOrderBook.app */ = {isa = PBXFileReference; explicitFileType = wrapper.application; includeInIndex = 0; path = CoinOrderBook.app; sourceTree = BUILT_PRODUCTS_DIR; };
		F4C443EE2B0AFFFC00ACB8E7 /* CoinOrderBookApp.swift */ = {isa = PBXFileReference; lastKnownFileType = sourcecode.swift; path = CoinOrderBookApp.swift; sourceTree = "<group>"; };
		F4C443F02B0AFFFC00ACB8E7 /* ContentView.swift */ = {isa = PBXFileReference; lastKnownFileType = sourcecode.swift; path = ContentView.swift; sourceTree = "<group>"; };
		F4C443F22B0AFFFE00ACB8E7 /* Assets.xcassets */ = {isa = PBXFileReference; lastKnownFileType = folder.assetcatalog; path = Assets.xcassets; sourceTree = "<group>"; };
		F4C443F52B0AFFFE00ACB8E7 /* Preview Assets.xcassets */ = {isa = PBXFileReference; lastKnownFileType = folder.assetcatalog; path = "Preview Assets.xcassets"; sourceTree = "<group>"; };
		F4C444052B0C43BB00ACB8E7 /* Banner.swift */ = {isa = PBXFileReference; fileEncoding = 4; lastKnownFileType = sourcecode.swift; path = Banner.swift; sourceTree = "<group>"; };
		F4C444062B0C43BB00ACB8E7 /* Money.swift */ = {isa = PBXFileReference; fileEncoding = 4; lastKnownFileType = sourcecode.swift; path = Money.swift; sourceTree = "<group>"; };
		F4C444092B0C4A1B00ACB8E7 /* OverlayView.swift */ = {isa = PBXFileReference; lastKnownFileType = sourcecode.swift; path = OverlayView.swift; sourceTree = "<group>"; };
		F4C4440C2B0C4E6900ACB8E7 /* UpbitAPI.swift */ = {isa = PBXFileReference; lastKnownFileType = sourcecode.swift; path = UpbitAPI.swift; sourceTree = "<group>"; };
		F4C4440E2B0C596300ACB8E7 /* ContentViewModel.swift */ = {isa = PBXFileReference; lastKnownFileType = sourcecode.swift; path = ContentViewModel.swift; sourceTree = "<group>"; };
		F4C444102B0C733600ACB8E7 /* ListView.swift */ = {isa = PBXFileReference; lastKnownFileType = sourcecode.swift; path = ListView.swift; sourceTree = "<group>"; };
		F4C444122B0C735300ACB8E7 /* ListViewModel.swift */ = {isa = PBXFileReference; lastKnownFileType = sourcecode.swift; path = ListViewModel.swift; sourceTree = "<group>"; };
		F4C444142B0C809A00ACB8E7 /* BannerTestView.swift */ = {isa = PBXFileReference; lastKnownFileType = sourcecode.swift; path = BannerTestView.swift; sourceTree = "<group>"; };
		F4C444172B0D85E000ACB8E7 /* WalletView.swift */ = {isa = PBXFileReference; lastKnownFileType = sourcecode.swift; path = WalletView.swift; sourceTree = "<group>"; };
		F4C444192B0D991F00ACB8E7 /* WalletDetailView.swift */ = {isa = PBXFileReference; lastKnownFileType = sourcecode.swift; path = WalletDetailView.swift; sourceTree = "<group>"; };
		F4C4441B2B0DA52C00ACB8E7 /* WalletModel.swift */ = {isa = PBXFileReference; lastKnownFileType = sourcecode.swift; path = WalletModel.swift; sourceTree = "<group>"; };
/* End PBXFileReference section */

/* Begin PBXFrameworksBuildPhase section */
		F4C443E82B0AFFFC00ACB8E7 /* Frameworks */ = {
			isa = PBXFrameworksBuildPhase;
			buildActionMask = 2147483647;
			files = (
			);
			runOnlyForDeploymentPostprocessing = 0;
		};
/* End PBXFrameworksBuildPhase section */

/* Begin PBXGroup section */
		F4C443E22B0AFFFC00ACB8E7 = {
			isa = PBXGroup;
			children = (
				F4C443ED2B0AFFFC00ACB8E7 /* CoinOrderBook */,
				F4C443EC2B0AFFFC00ACB8E7 /* Products */,
			);
			sourceTree = "<group>";
		};
		F4C443EC2B0AFFFC00ACB8E7 /* Products */ = {
			isa = PBXGroup;
			children = (
				F4C443EB2B0AFFFC00ACB8E7 /* CoinOrderBook.app */,
			);
			name = Products;
			sourceTree = "<group>";
		};
		F4C443ED2B0AFFFC00ACB8E7 /* CoinOrderBook */ = {
			isa = PBXGroup;
			children = (
				F4C444162B0D85BF00ACB8E7 /* Animation */,
				F4C4440B2B0C4E5500ACB8E7 /* Network */,
				F4C444002B0C436A00ACB8E7 /* Model */,
				F4C443EE2B0AFFFC00ACB8E7 /* CoinOrderBookApp.swift */,
				F4C443F02B0AFFFC00ACB8E7 /* ContentView.swift */,
				F4C444142B0C809A00ACB8E7 /* BannerTestView.swift */,
				F4C443F22B0AFFFE00ACB8E7 /* Assets.xcassets */,
				F4C443F42B0AFFFE00ACB8E7 /* Preview Content */,
				F4C444092B0C4A1B00ACB8E7 /* OverlayView.swift */,
				F4C4440E2B0C596300ACB8E7 /* ContentViewModel.swift */,
				F4C444102B0C733600ACB8E7 /* ListView.swift */,
				F4C444122B0C735300ACB8E7 /* ListViewModel.swift */,
			);
			path = CoinOrderBook;
			sourceTree = "<group>";
		};
		F4C443F42B0AFFFE00ACB8E7 /* Preview Content */ = {
			isa = PBXGroup;
			children = (
				F4C443F52B0AFFFE00ACB8E7 /* Preview Assets.xcassets */,
			);
			path = "Preview Content";
			sourceTree = "<group>";
		};
		F4C444002B0C436A00ACB8E7 /* Model */ = {
			isa = PBXGroup;
			children = (
				F4C444052B0C43BB00ACB8E7 /* Banner.swift */,
				F4C444062B0C43BB00ACB8E7 /* Money.swift */,
			);
			path = Model;
			sourceTree = "<group>";
		};
		F4C4440B2B0C4E5500ACB8E7 /* Network */ = {
			isa = PBXGroup;
			children = (
				F4C4440C2B0C4E6900ACB8E7 /* UpbitAPI.swift */,
			);
			path = Network;
			sourceTree = "<group>";
		};
		F4C444162B0D85BF00ACB8E7 /* Animation */ = {
			isa = PBXGroup;
			children = (
				F4C444172B0D85E000ACB8E7 /* WalletView.swift */,
				F4C444192B0D991F00ACB8E7 /* WalletDetailView.swift */,
				F4C4441B2B0DA52C00ACB8E7 /* WalletModel.swift */,
			);
			path = Animation;
			sourceTree = "<group>";
		};
/* End PBXGroup section */

/* Begin PBXNativeTarget section */
		F4C443EA2B0AFFFC00ACB8E7 /* CoinOrderBook */ = {
			isa = PBXNativeTarget;
			buildConfigurationList = F4C443F92B0AFFFE00ACB8E7 /* Build configuration list for PBXNativeTarget "CoinOrderBook" */;
			buildPhases = (
				F4C443E72B0AFFFC00ACB8E7 /* Sources */,
				F4C443E82B0AFFFC00ACB8E7 /* Frameworks */,
				F4C443E92B0AFFFC00ACB8E7 /* Resources */,
			);
			buildRules = (
			);
			dependencies = (
			);
			name = CoinOrderBook;
			productName = CoinOrderBook;
			productReference = F4C443EB2B0AFFFC00ACB8E7 /* CoinOrderBook.app */;
			productType = "com.apple.product-type.application";
		};
/* End PBXNativeTarget section */

/* Begin PBXProject section */
		F4C443E32B0AFFFC00ACB8E7 /* Project object */ = {
			isa = PBXProject;
			attributes = {
				BuildIndependentTargetsInParallel = 1;
				LastSwiftUpdateCheck = 1500;
				LastUpgradeCheck = 1500;
				TargetAttributes = {
					F4C443EA2B0AFFFC00ACB8E7 = {
						CreatedOnToolsVersion = 15.0.1;
					};
				};
			};
			buildConfigurationList = F4C443E62B0AFFFC00ACB8E7 /* Build configuration list for PBXProject "CoinOrderBook" */;
			compatibilityVersion = "Xcode 14.0";
			developmentRegion = en;
			hasScannedForEncodings = 0;
			knownRegions = (
				en,
				Base,
			);
			mainGroup = F4C443E22B0AFFFC00ACB8E7;
			productRefGroup = F4C443EC2B0AFFFC00ACB8E7 /* Products */;
			projectDirPath = "";
			projectRoot = "";
			targets = (
				F4C443EA2B0AFFFC00ACB8E7 /* CoinOrderBook */,
			);
		};
/* End PBXProject section */

/* Begin PBXResourcesBuildPhase section */
		F4C443E92B0AFFFC00ACB8E7 /* Resources */ = {
			isa = PBXResourcesBuildPhase;
			buildActionMask = 2147483647;
			files = (
				F4C443F62B0AFFFE00ACB8E7 /* Preview Assets.xcassets in Resources */,
				F4C443F32B0AFFFE00ACB8E7 /* Assets.xcassets in Resources */,
			);
			runOnlyForDeploymentPostprocessing = 0;
		};
/* End PBXResourcesBuildPhase section */

/* Begin PBXSourcesBuildPhase section */
		F4C443E72B0AFFFC00ACB8E7 /* Sources */ = {
			isa = PBXSourcesBuildPhase;
			buildActionMask = 2147483647;
			files = (
				F4C444112B0C733600ACB8E7 /* ListView.swift in Sources */,
				F4C443F12B0AFFFC00ACB8E7 /* ContentView.swift in Sources */,
				F4C444182B0D85E000ACB8E7 /* WalletView.swift in Sources */,
				F4C4440D2B0C4E6900ACB8E7 /* UpbitAPI.swift in Sources */,
				F4C443EF2B0AFFFC00ACB8E7 /* CoinOrderBookApp.swift in Sources */,
				F4C4440F2B0C596300ACB8E7 /* ContentViewModel.swift in Sources */,
				F4C444132B0C735300ACB8E7 /* ListViewModel.swift in Sources */,
				F4C444082B0C43BB00ACB8E7 /* Money.swift in Sources */,
				F4C4441C2B0DA52C00ACB8E7 /* WalletModel.swift in Sources */,
				F4C4441A2B0D991F00ACB8E7 /* WalletDetailView.swift in Sources */,
				F4C444072B0C43BB00ACB8E7 /* Banner.swift in Sources */,
				F4C444152B0C809A00ACB8E7 /* BannerTestView.swift in Sources */,
				F4C4440A2B0C4A1B00ACB8E7 /* OverlayView.swift in Sources */,
			);
			runOnlyForDeploymentPostprocessing = 0;
		};
/* End PBXSourcesBuildPhase section */

/* Begin XCBuildConfiguration section */
		F4C443F72B0AFFFE00ACB8E7 /* Debug */ = {
			isa = XCBuildConfiguration;
			buildSettings = {
				ALWAYS_SEARCH_USER_PATHS = NO;
				ASSETCATALOG_COMPILER_GENERATE_SWIFT_ASSET_SYMBOL_EXTENSIONS = YES;
				CLANG_ANALYZER_NONNULL = YES;
				CLANG_ANALYZER_NUMBER_OBJECT_CONVERSION = YES_AGGRESSIVE;
				CLANG_CXX_LANGUAGE_STANDARD = "gnu++20";
				CLANG_ENABLE_MODULES = YES;
				CLANG_ENABLE_OBJC_ARC = YES;
				CLANG_ENABLE_OBJC_WEAK = YES;
				CLANG_WARN_BLOCK_CAPTURE_AUTORELEASING = YES;
				CLANG_WARN_BOOL_CONVERSION = YES;
				CLANG_WARN_COMMA = YES;
				CLANG_WARN_CONSTANT_CONVERSION = YES;
				CLANG_WARN_DEPRECATED_OBJC_IMPLEMENTATIONS = YES;
				CLANG_WARN_DIRECT_OBJC_ISA_USAGE = YES_ERROR;
				CLANG_WARN_DOCUMENTATION_COMMENTS = YES;
				CLANG_WARN_EMPTY_BODY = YES;
				CLANG_WARN_ENUM_CONVERSION = YES;
				CLANG_WARN_INFINITE_RECURSION = YES;
				CLANG_WARN_INT_CONVERSION = YES;
				CLANG_WARN_NON_LITERAL_NULL_CONVERSION = YES;
				CLANG_WARN_OBJC_IMPLICIT_RETAIN_SELF = YES;
				CLANG_WARN_OBJC_LITERAL_CONVERSION = YES;
				CLANG_WARN_OBJC_ROOT_CLASS = YES_ERROR;
				CLANG_WARN_QUOTED_INCLUDE_IN_FRAMEWORK_HEADER = YES;
				CLANG_WARN_RANGE_LOOP_ANALYSIS = YES;
				CLANG_WARN_STRICT_PROTOTYPES = YES;
				CLANG_WARN_SUSPICIOUS_MOVE = YES;
				CLANG_WARN_UNGUARDED_AVAILABILITY = YES_AGGRESSIVE;
				CLANG_WARN_UNREACHABLE_CODE = YES;
				CLANG_WARN__DUPLICATE_METHOD_MATCH = YES;
				COPY_PHASE_STRIP = NO;
				DEBUG_INFORMATION_FORMAT = dwarf;
				ENABLE_STRICT_OBJC_MSGSEND = YES;
				ENABLE_TESTABILITY = YES;
				ENABLE_USER_SCRIPT_SANDBOXING = YES;
				GCC_C_LANGUAGE_STANDARD = gnu17;
				GCC_DYNAMIC_NO_PIC = NO;
				GCC_NO_COMMON_BLOCKS = YES;
				GCC_OPTIMIZATION_LEVEL = 0;
				GCC_PREPROCESSOR_DEFINITIONS = (
					"DEBUG=1",
					"$(inherited)",
				);
				GCC_WARN_64_TO_32_BIT_CONVERSION = YES;
				GCC_WARN_ABOUT_RETURN_TYPE = YES_ERROR;
				GCC_WARN_UNDECLARED_SELECTOR = YES;
				GCC_WARN_UNINITIALIZED_AUTOS = YES_AGGRESSIVE;
				GCC_WARN_UNUSED_FUNCTION = YES;
				GCC_WARN_UNUSED_VARIABLE = YES;
				IPHONEOS_DEPLOYMENT_TARGET = 17.0;
				LOCALIZATION_PREFERS_STRING_CATALOGS = YES;
				MTL_ENABLE_DEBUG_INFO = INCLUDE_SOURCE;
				MTL_FAST_MATH = YES;
				ONLY_ACTIVE_ARCH = YES;
				SDKROOT = iphoneos;
				SWIFT_ACTIVE_COMPILATION_CONDITIONS = "DEBUG $(inherited)";
				SWIFT_OPTIMIZATION_LEVEL = "-Onone";
			};
			name = Debug;
		};
		F4C443F82B0AFFFE00ACB8E7 /* Release */ = {
			isa = XCBuildConfiguration;
			buildSettings = {
				ALWAYS_SEARCH_USER_PATHS = NO;
				ASSETCATALOG_COMPILER_GENERATE_SWIFT_ASSET_SYMBOL_EXTENSIONS = YES;
				CLANG_ANALYZER_NONNULL = YES;
				CLANG_ANALYZER_NUMBER_OBJECT_CONVERSION = YES_AGGRESSIVE;
				CLANG_CXX_LANGUAGE_STANDARD = "gnu++20";
				CLANG_ENABLE_MODULES = YES;
				CLANG_ENABLE_OBJC_ARC = YES;
				CLANG_ENABLE_OBJC_WEAK = YES;
				CLANG_WARN_BLOCK_CAPTURE_AUTORELEASING = YES;
				CLANG_WARN_BOOL_CONVERSION = YES;
				CLANG_WARN_COMMA = YES;
				CLANG_WARN_CONSTANT_CONVERSION = YES;
				CLANG_WARN_DEPRECATED_OBJC_IMPLEMENTATIONS = YES;
				CLANG_WARN_DIRECT_OBJC_ISA_USAGE = YES_ERROR;
				CLANG_WARN_DOCUMENTATION_COMMENTS = YES;
				CLANG_WARN_EMPTY_BODY = YES;
				CLANG_WARN_ENUM_CONVERSION = YES;
				CLANG_WARN_INFINITE_RECURSION = YES;
				CLANG_WARN_INT_CONVERSION = YES;
				CLANG_WARN_NON_LITERAL_NULL_CONVERSION = YES;
				CLANG_WARN_OBJC_IMPLICIT_RETAIN_SELF = YES;
				CLANG_WARN_OBJC_LITERAL_CONVERSION = YES;
				CLANG_WARN_OBJC_ROOT_CLASS = YES_ERROR;
				CLANG_WARN_QUOTED_INCLUDE_IN_FRAMEWORK_HEADER = YES;
				CLANG_WARN_RANGE_LOOP_ANALYSIS = YES;
				CLANG_WARN_STRICT_PROTOTYPES = YES;
				CLANG_WARN_SUSPICIOUS_MOVE = YES;
				CLANG_WARN_UNGUARDED_AVAILABILITY = YES_AGGRESSIVE;
				CLANG_WARN_UNREACHABLE_CODE = YES;
				CLANG_WARN__DUPLICATE_METHOD_MATCH = YES;
				COPY_PHASE_STRIP = NO;
				DEBUG_INFORMATION_FORMAT = "dwarf-with-dsym";
				ENABLE_NS_ASSERTIONS = NO;
				ENABLE_STRICT_OBJC_MSGSEND = YES;
				ENABLE_USER_SCRIPT_SANDBOXING = YES;
				GCC_C_LANGUAGE_STANDARD = gnu17;
				GCC_NO_COMMON_BLOCKS = YES;
				GCC_WARN_64_TO_32_BIT_CONVERSION = YES;
				GCC_WARN_ABOUT_RETURN_TYPE = YES_ERROR;
				GCC_WARN_UNDECLARED_SELECTOR = YES;
				GCC_WARN_UNINITIALIZED_AUTOS = YES_AGGRESSIVE;
				GCC_WARN_UNUSED_FUNCTION = YES;
				GCC_WARN_UNUSED_VARIABLE = YES;
				IPHONEOS_DEPLOYMENT_TARGET = 17.0;
				LOCALIZATION_PREFERS_STRING_CATALOGS = YES;
				MTL_ENABLE_DEBUG_INFO = NO;
				MTL_FAST_MATH = YES;
				SDKROOT = iphoneos;
				SWIFT_COMPILATION_MODE = wholemodule;
				VALIDATE_PRODUCT = YES;
			};
			name = Release;
		};
		F4C443FA2B0AFFFE00ACB8E7 /* Debug */ = {
			isa = XCBuildConfiguration;
			buildSettings = {
				ASSETCATALOG_COMPILER_APPICON_NAME = AppIcon;
				ASSETCATALOG_COMPILER_GLOBAL_ACCENT_COLOR_NAME = AccentColor;
				CODE_SIGN_STYLE = Automatic;
				CURRENT_PROJECT_VERSION = 1;
				DEVELOPMENT_ASSET_PATHS = "\"CoinOrderBook/Preview Content\"";
				DEVELOPMENT_TEAM = N54L2GS5Z3;
				ENABLE_PREVIEWS = YES;
				GENERATE_INFOPLIST_FILE = YES;
				INFOPLIST_KEY_UIApplicationSceneManifest_Generation = YES;
				INFOPLIST_KEY_UIApplicationSupportsIndirectInputEvents = YES;
				INFOPLIST_KEY_UILaunchScreen_Generation = YES;
				INFOPLIST_KEY_UISupportedInterfaceOrientations_iPad = "UIInterfaceOrientationPortrait UIInterfaceOrientationPortraitUpsideDown UIInterfaceOrientationLandscapeLeft UIInterfaceOrientationLandscapeRight";
				INFOPLIST_KEY_UISupportedInterfaceOrientations_iPhone = "UIInterfaceOrientationPortrait UIInterfaceOrientationLandscapeLeft UIInterfaceOrientationLandscapeRight";
				LD_RUNPATH_SEARCH_PATHS = (
					"$(inherited)",
					"@executable_path/Frameworks",
				);
				MARKETING_VERSION = 1.0;
				PRODUCT_BUNDLE_IDENTIFIER = com.eunseo.CoinOrderBook;
				PRODUCT_NAME = "$(TARGET_NAME)";
				SWIFT_EMIT_LOC_STRINGS = YES;
				SWIFT_VERSION = 5.0;
				TARGETED_DEVICE_FAMILY = "1,2";
			};
			name = Debug;
		};
		F4C443FB2B0AFFFE00ACB8E7 /* Release */ = {
			isa = XCBuildConfiguration;
			buildSettings = {
				ASSETCATALOG_COMPILER_APPICON_NAME = AppIcon;
				ASSETCATALOG_COMPILER_GLOBAL_ACCENT_COLOR_NAME = AccentColor;
				CODE_SIGN_STYLE = Automatic;
				CURRENT_PROJECT_VERSION = 1;
				DEVELOPMENT_ASSET_PATHS = "\"CoinOrderBook/Preview Content\"";
				DEVELOPMENT_TEAM = N54L2GS5Z3;
				ENABLE_PREVIEWS = YES;
				GENERATE_INFOPLIST_FILE = YES;
				INFOPLIST_KEY_UIApplicationSceneManifest_Generation = YES;
				INFOPLIST_KEY_UIApplicationSupportsIndirectInputEvents = YES;
				INFOPLIST_KEY_UILaunchScreen_Generation = YES;
				INFOPLIST_KEY_UISupportedInterfaceOrientations_iPad = "UIInterfaceOrientationPortrait UIInterfaceOrientationPortraitUpsideDown UIInterfaceOrientationLandscapeLeft UIInterfaceOrientationLandscapeRight";
				INFOPLIST_KEY_UISupportedInterfaceOrientations_iPhone = "UIInterfaceOrientationPortrait UIInterfaceOrientationLandscapeLeft UIInterfaceOrientationLandscapeRight";
				LD_RUNPATH_SEARCH_PATHS = (
					"$(inherited)",
					"@executable_path/Frameworks",
				);
				MARKETING_VERSION = 1.0;
				PRODUCT_BUNDLE_IDENTIFIER = com.eunseo.CoinOrderBook;
				PRODUCT_NAME = "$(TARGET_NAME)";
				SWIFT_EMIT_LOC_STRINGS = YES;
				SWIFT_VERSION = 5.0;
				TARGETED_DEVICE_FAMILY = "1,2";
			};
			name = Release;
		};
/* End XCBuildConfiguration section */

/* Begin XCConfigurationList section */
		F4C443E62B0AFFFC00ACB8E7 /* Build configuration list for PBXProject "CoinOrderBook" */ = {
			isa = XCConfigurationList;
			buildConfigurations = (
				F4C443F72B0AFFFE00ACB8E7 /* Debug */,
				F4C443F82B0AFFFE00ACB8E7 /* Release */,
			);
			defaultConfigurationIsVisible = 0;
			defaultConfigurationName = Release;
		};
		F4C443F92B0AFFFE00ACB8E7 /* Build configuration list for PBXNativeTarget "CoinOrderBook" */ = {
			isa = XCConfigurationList;
			buildConfigurations = (
				F4C443FA2B0AFFFE00ACB8E7 /* Debug */,
				F4C443FB2B0AFFFE00ACB8E7 /* Release */,
			);
			defaultConfigurationIsVisible = 0;
			defaultConfigurationName = Release;
		};
/* End XCConfigurationList section */
	};
	rootObject = F4C443E32B0AFFFC00ACB8E7 /* Project object */;
}
